
Microsoft Visual Studio Solution File, Format Version 12.00
# Visual Studio Version 17
VisualStudioVersion = 17.5.33530.505
MinimumVisualStudioVersion = 10.0.40219.1
Project("{8BC9CEB8-8B4A-11D0-8D11-00A0C91BC942}") = "KamataEngine19", "KamataEngine19.vcxproj", "{94313415-F2D3-4BF9-8296-3E5BC54411AE}"
EndProject
Global
	GlobalSection(SolutionConfigurationPlatforms) = preSolution
		Debug|x64 = Debug|x64
		Release|x64 = Release|x64
	EndGlobalSection
	GlobalSection(ProjectConfigurationPlatforms) = postSolution
		{94313415-F2D3-4BF9-8296-3E5BC54411AE}.Debug|x64.ActiveCfg = Debug|x64
		{94313415-F2D3-4BF9-8296-3E5BC54411AE}.Debug|x64.Build.0 = Debug|x64
		{94313415-F2D3-4BF9-8296-3E5BC54411AE}.Release|x64.ActiveCfg = Release|x64
		{94313415-F2D3-4BF9-8296-3E5BC54411AE}.Release|x64.Build.0 = Release|x64
	EndGlobalSection
	GlobalSection(SolutionProperties) = preSolution
		HideSolutionNode = FALSE
	EndGlobalSection
	GlobalSection(ExtensibilityGlobals) = postSolution
		SolutionGuid = {4C483226-508D-4A3C-9C34-1134A9A9B37F}
	EndGlobalSection
EndGlobal
